
Microsoft Visual Studio Solution File, Format Version 12.00
# Visual Studio Version 16
VisualStudioVersion = 16.0.30011.22
MinimumVisualStudioVersion = 10.0.40219.1
Project("{FAE04EC0-301F-11D3-BF4B-00C04F79EFBC}") = "NotEnglishAlphabet", "NotEnglishAlphabet\NotEnglishAlphabet.csproj", "{369C37B0-20AA-4066-AFF4-776013E29B09}"
EndProject
Global
	GlobalSection(SolutionConfigurationPlatforms) = preSolution
		Debug|Any CPU = Debug|Any CPU
		Release|Any CPU = Release|Any CPU
	EndGlobalSection
	GlobalSection(ProjectConfigurationPlatforms) = postSolution
		{369C37B0-20AA-4066-AFF4-776013E29B09}.Debug|Any CPU.ActiveCfg = Debug|Any CPU
		{369C37B0-20AA-4066-AFF4-776013E29B09}.Debug|Any CPU.Build.0 = Debug|Any CPU
		{369C37B0-20AA-4066-AFF4-776013E29B09}.Release|Any CPU.ActiveCfg = Release|Any CPU
		{369C37B0-20AA-4066-AFF4-776013E29B09}.Release|Any CPU.Build.0 = Release|Any CPU
	EndGlobalSection
	GlobalSection(SolutionProperties) = preSolution
		HideSolutionNode = FALSE
	EndGlobalSection
	GlobalSection(ExtensibilityGlobals) = postSolution
		SolutionGuid = {AA7C6F48-830E-433B-9064-EB18E49051F1}
	EndGlobalSection
EndGlobal
