
Microsoft Visual Studio Solution File, Format Version 12.00
# Visual Studio Version 16
VisualStudioVersion = 16.0.30104.148
MinimumVisualStudioVersion = 10.0.40219.1
Project("{FAE04EC0-301F-11D3-BF4B-00C04F79EFBC}") = "Rooms", "Rooms\Rooms.csproj", "{34446D14-399A-434E-999C-204913E50CAF}"
EndProject
Global
	GlobalSection(SolutionConfigurationPlatforms) = preSolution
		Debug|Any CPU = Debug|Any CPU
		Release|Any CPU = Release|Any CPU
	EndGlobalSection
	GlobalSection(ProjectConfigurationPlatforms) = postSolution
		{34446D14-399A-434E-999C-204913E50CAF}.Debug|Any CPU.ActiveCfg = Debug|Any CPU
		{34446D14-399A-434E-999C-204913E50CAF}.Debug|Any CPU.Build.0 = Debug|Any CPU
		{34446D14-399A-434E-999C-204913E50CAF}.Release|Any CPU.ActiveCfg = Release|Any CPU
		{34446D14-399A-434E-999C-204913E50CAF}.Release|Any CPU.Build.0 = Release|Any CPU
	EndGlobalSection
	GlobalSection(SolutionProperties) = preSolution
		HideSolutionNode = FALSE
	EndGlobalSection
	GlobalSection(ExtensibilityGlobals) = postSolution
		SolutionGuid = {72C17025-7A95-4631-917F-B8B30FB2DCD0}
	EndGlobalSection
EndGlobal
